// !$*UTF8*$!
{
	archiveVersion = 1;
	classes = {
	};
	objectVersion = 55;
	objects = {

/* Begin PBXBuildFile section */
		FD36A7F1288481940064B7FD /* sparkQAppApp.swift in Sources */ = {isa = PBXBuildFile; fileRef = FD36A7F0288481940064B7FD /* sparkQAppApp.swift */; };
		FD36A7F3288481940064B7FD /* ContentView.swift in Sources */ = {isa = PBXBuildFile; fileRef = FD36A7F2288481940064B7FD /* ContentView.swift */; };
		FD36A7F5288481950064B7FD /* Assets.xcassets in Resources */ = {isa = PBXBuildFile; fileRef = FD36A7F4288481950064B7FD /* Assets.xcassets */; };
		FD36A7F8288481950064B7FD /* Preview Assets.xcassets in Resources */ = {isa = PBXBuildFile; fileRef = FD36A7F7288481950064B7FD /* Preview Assets.xcassets */; };
		FD36A801288481BE0064B7FD /* Assets.xcassets in Resources */ = {isa = PBXBuildFile; fileRef = FD36A800288481BE0064B7FD /* Assets.xcassets */; };
		FD36A807288481BE0064B7FD /* sparkQWatch WatchKit Extension.appex in Embed App Extensions */ = {isa = PBXBuildFile; fileRef = FD36A806288481BE0064B7FD /* sparkQWatch WatchKit Extension.appex */; settings = {ATTRIBUTES = (RemoveHeadersOnCopy, ); }; };
		FD36A80C288481BE0064B7FD /* ContentView.swift in Sources */ = {isa = PBXBuildFile; fileRef = FD36A80B288481BE0064B7FD /* ContentView.swift */; };
		FD36A80E288481BE0064B7FD /* sparkQApp.swift in Sources */ = {isa = PBXBuildFile; fileRef = FD36A80D288481BE0064B7FD /* sparkQApp.swift */; };
		FD36A810288481BE0064B7FD /* ComplicationController.swift in Sources */ = {isa = PBXBuildFile; fileRef = FD36A80F288481BE0064B7FD /* ComplicationController.swift */; };
		FD36A812288481BE0064B7FD /* Assets.xcassets in Resources */ = {isa = PBXBuildFile; fileRef = FD36A811288481BE0064B7FD /* Assets.xcassets */; };
		FD36A815288481BE0064B7FD /* Preview Assets.xcassets in Resources */ = {isa = PBXBuildFile; fileRef = FD36A814288481BE0064B7FD /* Preview Assets.xcassets */; };
		FD36A819288481BE0064B7FD /* sparkQWatch.app in Embed Watch Content */ = {isa = PBXBuildFile; fileRef = FD36A7FE288481BD0064B7FD /* sparkQWatch.app */; settings = {ATTRIBUTES = (RemoveHeadersOnCopy, ); }; };
		FD36A822288482030064B7FD /* QuestionModel.swift in Sources */ = {isa = PBXBuildFile; fileRef = FD0777E62881A74100186AB8 /* QuestionModel.swift */; };
		FD36A823288482030064B7FD /* CustomListItem.swift in Sources */ = {isa = PBXBuildFile; fileRef = FD0777E028801B3D00186AB8 /* CustomListItem.swift */; };
/* End PBXBuildFile section */

/* Begin PBXContainerItemProxy section */
		FD36A808288481BE0064B7FD /* PBXContainerItemProxy */ = {
			isa = PBXContainerItemProxy;
			containerPortal = FD04485A288019D500304FF7 /* Project object */;
			proxyType = 1;
			remoteGlobalIDString = FD36A805288481BE0064B7FD;
			remoteInfo = "sparkQWatch WatchKit Extension";
		};
		FD36A817288481BE0064B7FD /* PBXContainerItemProxy */ = {
			isa = PBXContainerItemProxy;
			containerPortal = FD04485A288019D500304FF7 /* Project object */;
			proxyType = 1;
			remoteGlobalIDString = FD36A7FD288481BD0064B7FD;
			remoteInfo = sparkQWatch;
		};
/* End PBXContainerItemProxy section */

/* Begin PBXCopyFilesBuildPhase section */
		FD044889288019D600304FF7 /* Embed Watch Content */ = {
			isa = PBXCopyFilesBuildPhase;
			buildActionMask = 2147483647;
			dstPath = "$(CONTENTS_FOLDER_PATH)/Watch";
			dstSubfolderSpec = 16;
			files = (
			);
			name = "Embed Watch Content";
			runOnlyForDeploymentPostprocessing = 0;
		};
		FD36A81D288481BE0064B7FD /* Embed App Extensions */ = {
			isa = PBXCopyFilesBuildPhase;
			buildActionMask = 2147483647;
			dstPath = "";
			dstSubfolderSpec = 13;
			files = (
				FD36A807288481BE0064B7FD /* sparkQWatch WatchKit Extension.appex in Embed App Extensions */,
			);
			name = "Embed App Extensions";
			runOnlyForDeploymentPostprocessing = 0;
		};
		FD36A821288481BE0064B7FD /* Embed Watch Content */ = {
			isa = PBXCopyFilesBuildPhase;
			buildActionMask = 2147483647;
			dstPath = "$(CONTENTS_FOLDER_PATH)/Watch";
			dstSubfolderSpec = 16;
			files = (
				FD36A819288481BE0064B7FD /* sparkQWatch.app in Embed Watch Content */,
			);
			name = "Embed Watch Content";
			runOnlyForDeploymentPostprocessing = 0;
		};
/* End PBXCopyFilesBuildPhase section */

/* Begin PBXFileReference section */
		FD044860288019D500304FF7 /* sparkQ.app */ = {isa = PBXFileReference; explicitFileType = wrapper.application; includeInIndex = 0; path = sparkQ.app; sourceTree = BUILT_PRODUCTS_DIR; };
		FD0777E028801B3D00186AB8 /* CustomListItem.swift */ = {isa = PBXFileReference; lastKnownFileType = sourcecode.swift; path = CustomListItem.swift; sourceTree = "<group>"; };
		FD0777E62881A74100186AB8 /* QuestionModel.swift */ = {isa = PBXFileReference; lastKnownFileType = sourcecode.swift; path = QuestionModel.swift; sourceTree = "<group>"; };
		FD36A7EE288481940064B7FD /* sparkQApp.app */ = {isa = PBXFileReference; explicitFileType = wrapper.application; includeInIndex = 0; path = sparkQApp.app; sourceTree = BUILT_PRODUCTS_DIR; };
		FD36A7F0288481940064B7FD /* sparkQAppApp.swift */ = {isa = PBXFileReference; lastKnownFileType = sourcecode.swift; path = sparkQAppApp.swift; sourceTree = "<group>"; };
		FD36A7F2288481940064B7FD /* ContentView.swift */ = {isa = PBXFileReference; lastKnownFileType = sourcecode.swift; path = ContentView.swift; sourceTree = "<group>"; };
		FD36A7F4288481950064B7FD /* Assets.xcassets */ = {isa = PBXFileReference; lastKnownFileType = folder.assetcatalog; path = Assets.xcassets; sourceTree = "<group>"; };
		FD36A7F7288481950064B7FD /* Preview Assets.xcassets */ = {isa = PBXFileReference; lastKnownFileType = folder.assetcatalog; path = "Preview Assets.xcassets"; sourceTree = "<group>"; };
		FD36A7FE288481BD0064B7FD /* sparkQWatch.app */ = {isa = PBXFileReference; explicitFileType = wrapper.application; includeInIndex = 0; path = sparkQWatch.app; sourceTree = BUILT_PRODUCTS_DIR; };
		FD36A800288481BE0064B7FD /* Assets.xcassets */ = {isa = PBXFileReference; lastKnownFileType = folder.assetcatalog; path = Assets.xcassets; sourceTree = "<group>"; };
		FD36A806288481BE0064B7FD /* sparkQWatch WatchKit Extension.appex */ = {isa = PBXFileReference; explicitFileType = "wrapper.app-extension"; includeInIndex = 0; path = "sparkQWatch WatchKit Extension.appex"; sourceTree = BUILT_PRODUCTS_DIR; };
		FD36A80B288481BE0064B7FD /* ContentView.swift */ = {isa = PBXFileReference; lastKnownFileType = sourcecode.swift; path = ContentView.swift; sourceTree = "<group>"; };
		FD36A80D288481BE0064B7FD /* sparkQApp.swift */ = {isa = PBXFileReference; lastKnownFileType = sourcecode.swift; path = sparkQApp.swift; sourceTree = "<group>"; };
		FD36A80F288481BE0064B7FD /* ComplicationController.swift */ = {isa = PBXFileReference; lastKnownFileType = sourcecode.swift; path = ComplicationController.swift; sourceTree = "<group>"; };
		FD36A811288481BE0064B7FD /* Assets.xcassets */ = {isa = PBXFileReference; lastKnownFileType = folder.assetcatalog; path = Assets.xcassets; sourceTree = "<group>"; };
		FD36A814288481BE0064B7FD /* Preview Assets.xcassets */ = {isa = PBXFileReference; lastKnownFileType = folder.assetcatalog; path = "Preview Assets.xcassets"; sourceTree = "<group>"; };
		FD36A816288481BE0064B7FD /* Info.plist */ = {isa = PBXFileReference; lastKnownFileType = text.plist.xml; path = Info.plist; sourceTree = "<group>"; };
/* End PBXFileReference section */

/* Begin PBXFrameworksBuildPhase section */
		FD36A7EB288481940064B7FD /* Frameworks */ = {
			isa = PBXFrameworksBuildPhase;
			buildActionMask = 2147483647;
			files = (
			);
			runOnlyForDeploymentPostprocessing = 0;
		};
		FD36A803288481BE0064B7FD /* Frameworks */ = {
			isa = PBXFrameworksBuildPhase;
			buildActionMask = 2147483647;
			files = (
			);
			runOnlyForDeploymentPostprocessing = 0;
		};
/* End PBXFrameworksBuildPhase section */

/* Begin PBXGroup section */
		FD044859288019D500304FF7 = {
			isa = PBXGroup;
			children = (
				FD36A7EF288481940064B7FD /* sparkQApp */,
				FD36A7FF288481BD0064B7FD /* sparkQWatch */,
				FD36A80A288481BE0064B7FD /* sparkQWatch WatchKit Extension */,
				FD044861288019D500304FF7 /* Products */,
			);
			sourceTree = "<group>";
		};
		FD044861288019D500304FF7 /* Products */ = {
			isa = PBXGroup;
			children = (
				FD044860288019D500304FF7 /* sparkQ.app */,
				FD36A7EE288481940064B7FD /* sparkQApp.app */,
				FD36A7FE288481BD0064B7FD /* sparkQWatch.app */,
				FD36A806288481BE0064B7FD /* sparkQWatch WatchKit Extension.appex */,
			);
			name = Products;
			sourceTree = "<group>";
		};
		FD36A7EF288481940064B7FD /* sparkQApp */ = {
			isa = PBXGroup;
			children = (
				FD36A7F0288481940064B7FD /* sparkQAppApp.swift */,
				FD36A7F2288481940064B7FD /* ContentView.swift */,
				FD36A7F4288481950064B7FD /* Assets.xcassets */,
				FD36A7F6288481950064B7FD /* Preview Content */,
			);
			path = sparkQApp;
			sourceTree = "<group>";
		};
		FD36A7F6288481950064B7FD /* Preview Content */ = {
			isa = PBXGroup;
			children = (
				FD36A7F7288481950064B7FD /* Preview Assets.xcassets */,
			);
			path = "Preview Content";
			sourceTree = "<group>";
		};
		FD36A7FF288481BD0064B7FD /* sparkQWatch */ = {
			isa = PBXGroup;
			children = (
				FD36A800288481BE0064B7FD /* Assets.xcassets */,
			);
			path = sparkQWatch;
			sourceTree = "<group>";
		};
		FD36A80A288481BE0064B7FD /* sparkQWatch WatchKit Extension */ = {
			isa = PBXGroup;
			children = (
				FD0777E028801B3D00186AB8 /* CustomListItem.swift */,
				FD0777E62881A74100186AB8 /* QuestionModel.swift */,
				FD36A80B288481BE0064B7FD /* ContentView.swift */,
				FD36A80D288481BE0064B7FD /* sparkQApp.swift */,
				FD36A80F288481BE0064B7FD /* ComplicationController.swift */,
				FD36A811288481BE0064B7FD /* Assets.xcassets */,
				FD36A816288481BE0064B7FD /* Info.plist */,
				FD36A813288481BE0064B7FD /* Preview Content */,
			);
			path = "sparkQWatch WatchKit Extension";
			sourceTree = "<group>";
		};
		FD36A813288481BE0064B7FD /* Preview Content */ = {
			isa = PBXGroup;
			children = (
				FD36A814288481BE0064B7FD /* Preview Assets.xcassets */,
			);
			path = "Preview Content";
			sourceTree = "<group>";
		};
/* End PBXGroup section */

/* Begin PBXNativeTarget section */
		FD04485F288019D500304FF7 /* sparkQ */ = {
			isa = PBXNativeTarget;
			buildConfigurationList = FD04488A288019D600304FF7 /* Build configuration list for PBXNativeTarget "sparkQ" */;
			buildPhases = (
				FD04485E288019D500304FF7 /* Resources */,
				FD044889288019D600304FF7 /* Embed Watch Content */,
			);
			buildRules = (
			);
			dependencies = (
			);
			name = sparkQ;
			productName = sparkQ;
			productReference = FD044860288019D500304FF7 /* sparkQ.app */;
			productType = "com.apple.product-type.application.watchapp2-container";
		};
		FD36A7ED288481940064B7FD /* sparkQApp */ = {
			isa = PBXNativeTarget;
			buildConfigurationList = FD36A7FB288481950064B7FD /* Build configuration list for PBXNativeTarget "sparkQApp" */;
			buildPhases = (
				FD36A7EA288481940064B7FD /* Sources */,
				FD36A7EB288481940064B7FD /* Frameworks */,
				FD36A7EC288481940064B7FD /* Resources */,
				FD36A821288481BE0064B7FD /* Embed Watch Content */,
			);
			buildRules = (
			);
			dependencies = (
				FD36A818288481BE0064B7FD /* PBXTargetDependency */,
			);
			name = sparkQApp;
			productName = sparkQApp;
			productReference = FD36A7EE288481940064B7FD /* sparkQApp.app */;
			productType = "com.apple.product-type.application";
		};
		FD36A7FD288481BD0064B7FD /* sparkQWatch */ = {
			isa = PBXNativeTarget;
			buildConfigurationList = FD36A81E288481BE0064B7FD /* Build configuration list for PBXNativeTarget "sparkQWatch" */;
			buildPhases = (
				FD36A7FC288481BD0064B7FD /* Resources */,
				FD36A81D288481BE0064B7FD /* Embed App Extensions */,
			);
			buildRules = (
			);
			dependencies = (
				FD36A809288481BE0064B7FD /* PBXTargetDependency */,
			);
			name = sparkQWatch;
			productName = sparkQWatch;
			productReference = FD36A7FE288481BD0064B7FD /* sparkQWatch.app */;
			productType = "com.apple.product-type.application.watchapp2";
		};
		FD36A805288481BE0064B7FD /* sparkQWatch WatchKit Extension */ = {
			isa = PBXNativeTarget;
			buildConfigurationList = FD36A81A288481BE0064B7FD /* Build configuration list for PBXNativeTarget "sparkQWatch WatchKit Extension" */;
			buildPhases = (
				FD36A802288481BE0064B7FD /* Sources */,
				FD36A803288481BE0064B7FD /* Frameworks */,
				FD36A804288481BE0064B7FD /* Resources */,
			);
			buildRules = (
			);
			dependencies = (
			);
			name = "sparkQWatch WatchKit Extension";
			productName = "sparkQWatch WatchKit Extension";
			productReference = FD36A806288481BE0064B7FD /* sparkQWatch WatchKit Extension.appex */;
			productType = "com.apple.product-type.watchkit2-extension";
		};
/* End PBXNativeTarget section */

/* Begin PBXProject section */
		FD04485A288019D500304FF7 /* Project object */ = {
			isa = PBXProject;
			attributes = {
				BuildIndependentTargetsInParallel = 1;
				LastSwiftUpdateCheck = 1340;
				LastUpgradeCheck = 1340;
				TargetAttributes = {
					FD04485F288019D500304FF7 = {
						CreatedOnToolsVersion = 13.4.1;
					};
					FD36A7ED288481940064B7FD = {
						CreatedOnToolsVersion = 13.4.1;
					};
					FD36A7FD288481BD0064B7FD = {
						CreatedOnToolsVersion = 13.4.1;
					};
					FD36A805288481BE0064B7FD = {
						CreatedOnToolsVersion = 13.4.1;
					};
				};
			};
			buildConfigurationList = FD04485D288019D500304FF7 /* Build configuration list for PBXProject "sparkQ" */;
			compatibilityVersion = "Xcode 13.0";
			developmentRegion = en;
			hasScannedForEncodings = 0;
			knownRegions = (
				en,
				Base,
			);
			mainGroup = FD044859288019D500304FF7;
			productRefGroup = FD044861288019D500304FF7 /* Products */;
			projectDirPath = "";
			projectRoot = "";
			targets = (
				FD04485F288019D500304FF7 /* sparkQ */,
				FD36A7ED288481940064B7FD /* sparkQApp */,
				FD36A7FD288481BD0064B7FD /* sparkQWatch */,
				FD36A805288481BE0064B7FD /* sparkQWatch WatchKit Extension */,
			);
		};
/* End PBXProject section */

/* Begin PBXResourcesBuildPhase section */
		FD04485E288019D500304FF7 /* Resources */ = {
			isa = PBXResourcesBuildPhase;
			buildActionMask = 2147483647;
			files = (
			);
			runOnlyForDeploymentPostprocessing = 0;
		};
		FD36A7EC288481940064B7FD /* Resources */ = {
			isa = PBXResourcesBuildPhase;
			buildActionMask = 2147483647;
			files = (
				FD36A7F8288481950064B7FD /* Preview Assets.xcassets in Resources */,
				FD36A7F5288481950064B7FD /* Assets.xcassets in Resources */,
			);
			runOnlyForDeploymentPostprocessing = 0;
		};
		FD36A7FC288481BD0064B7FD /* Resources */ = {
			isa = PBXResourcesBuildPhase;
			buildActionMask = 2147483647;
			files = (
				FD36A801288481BE0064B7FD /* Assets.xcassets in Resources */,
			);
			runOnlyForDeploymentPostprocessing = 0;
		};
		FD36A804288481BE0064B7FD /* Resources */ = {
			isa = PBXResourcesBuildPhase;
			buildActionMask = 2147483647;
			files = (
				FD36A815288481BE0064B7FD /* Preview Assets.xcassets in Resources */,
				FD36A812288481BE0064B7FD /* Assets.xcassets in Resources */,
			);
			runOnlyForDeploymentPostprocessing = 0;
		};
/* End PBXResourcesBuildPhase section */

/* Begin PBXSourcesBuildPhase section */
		FD36A7EA288481940064B7FD /* Sources */ = {
			isa = PBXSourcesBuildPhase;
			buildActionMask = 2147483647;
			files = (
				FD36A7F3288481940064B7FD /* ContentView.swift in Sources */,
				FD36A7F1288481940064B7FD /* sparkQAppApp.swift in Sources */,
			);
			runOnlyForDeploymentPostprocessing = 0;
		};
		FD36A802288481BE0064B7FD /* Sources */ = {
			isa = PBXSourcesBuildPhase;
			buildActionMask = 2147483647;
			files = (
				FD36A80C288481BE0064B7FD /* ContentView.swift in Sources */,
				FD36A80E288481BE0064B7FD /* sparkQApp.swift in Sources */,
				FD36A810288481BE0064B7FD /* ComplicationController.swift in Sources */,
				FD36A823288482030064B7FD /* CustomListItem.swift in Sources */,
				FD36A822288482030064B7FD /* QuestionModel.swift in Sources */,
			);
			runOnlyForDeploymentPostprocessing = 0;
		};
/* End PBXSourcesBuildPhase section */

/* Begin PBXTargetDependency section */
		FD36A809288481BE0064B7FD /* PBXTargetDependency */ = {
			isa = PBXTargetDependency;
			target = FD36A805288481BE0064B7FD /* sparkQWatch WatchKit Extension */;
			targetProxy = FD36A808288481BE0064B7FD /* PBXContainerItemProxy */;
		};
		FD36A818288481BE0064B7FD /* PBXTargetDependency */ = {
			isa = PBXTargetDependency;
			target = FD36A7FD288481BD0064B7FD /* sparkQWatch */;
			targetProxy = FD36A817288481BE0064B7FD /* PBXContainerItemProxy */;
		};
/* End PBXTargetDependency section */

/* Begin XCBuildConfiguration section */
		FD044880288019D600304FF7 /* Debug */ = {
			isa = XCBuildConfiguration;
			buildSettings = {
				ALWAYS_SEARCH_USER_PATHS = NO;
				CLANG_ANALYZER_NONNULL = YES;
				CLANG_ANALYZER_NUMBER_OBJECT_CONVERSION = YES_AGGRESSIVE;
				CLANG_CXX_LANGUAGE_STANDARD = "gnu++17";
				CLANG_ENABLE_MODULES = YES;
				CLANG_ENABLE_OBJC_ARC = YES;
				CLANG_ENABLE_OBJC_WEAK = YES;
				CLANG_WARN_BLOCK_CAPTURE_AUTORELEASING = YES;
				CLANG_WARN_BOOL_CONVERSION = YES;
				CLANG_WARN_COMMA = YES;
				CLANG_WARN_CONSTANT_CONVERSION = YES;
				CLANG_WARN_DEPRECATED_OBJC_IMPLEMENTATIONS = YES;
				CLANG_WARN_DIRECT_OBJC_ISA_USAGE = YES_ERROR;
				CLANG_WARN_DOCUMENTATION_COMMENTS = YES;
				CLANG_WARN_EMPTY_BODY = YES;
				CLANG_WARN_ENUM_CONVERSION = YES;
				CLANG_WARN_INFINITE_RECURSION = YES;
				CLANG_WARN_INT_CONVERSION = YES;
				CLANG_WARN_NON_LITERAL_NULL_CONVERSION = YES;
				CLANG_WARN_OBJC_IMPLICIT_RETAIN_SELF = YES;
				CLANG_WARN_OBJC_LITERAL_CONVERSION = YES;
				CLANG_WARN_OBJC_ROOT_CLASS = YES_ERROR;
				CLANG_WARN_QUOTED_INCLUDE_IN_FRAMEWORK_HEADER = YES;
				CLANG_WARN_RANGE_LOOP_ANALYSIS = YES;
				CLANG_WARN_STRICT_PROTOTYPES = YES;
				CLANG_WARN_SUSPICIOUS_MOVE = YES;
				CLANG_WARN_UNGUARDED_AVAILABILITY = YES_AGGRESSIVE;
				CLANG_WARN_UNREACHABLE_CODE = YES;
				CLANG_WARN__DUPLICATE_METHOD_MATCH = YES;
				COPY_PHASE_STRIP = NO;
				DEBUG_INFORMATION_FORMAT = dwarf;
				ENABLE_STRICT_OBJC_MSGSEND = YES;
				ENABLE_TESTABILITY = YES;
				GCC_C_LANGUAGE_STANDARD = gnu11;
				GCC_DYNAMIC_NO_PIC = NO;
				GCC_NO_COMMON_BLOCKS = YES;
				GCC_OPTIMIZATION_LEVEL = 0;
				GCC_PREPROCESSOR_DEFINITIONS = (
					"DEBUG=1",
					"$(inherited)",
				);
				GCC_WARN_64_TO_32_BIT_CONVERSION = YES;
				GCC_WARN_ABOUT_RETURN_TYPE = YES_ERROR;
				GCC_WARN_UNDECLARED_SELECTOR = YES;
				GCC_WARN_UNINITIALIZED_AUTOS = YES_AGGRESSIVE;
				GCC_WARN_UNUSED_FUNCTION = YES;
				GCC_WARN_UNUSED_VARIABLE = YES;
				MTL_ENABLE_DEBUG_INFO = INCLUDE_SOURCE;
				MTL_FAST_MATH = YES;
				ONLY_ACTIVE_ARCH = YES;
				SDKROOT = iphoneos;
				SWIFT_ACTIVE_COMPILATION_CONDITIONS = DEBUG;
				SWIFT_OPTIMIZATION_LEVEL = "-Onone";
			};
			name = Debug;
		};
		FD044881288019D600304FF7 /* Release */ = {
			isa = XCBuildConfiguration;
			buildSettings = {
				ALWAYS_SEARCH_USER_PATHS = NO;
				CLANG_ANALYZER_NONNULL = YES;
				CLANG_ANALYZER_NUMBER_OBJECT_CONVERSION = YES_AGGRESSIVE;
				CLANG_CXX_LANGUAGE_STANDARD = "gnu++17";
				CLANG_ENABLE_MODULES = YES;
				CLANG_ENABLE_OBJC_ARC = YES;
				CLANG_ENABLE_OBJC_WEAK = YES;
				CLANG_WARN_BLOCK_CAPTURE_AUTORELEASING = YES;
				CLANG_WARN_BOOL_CONVERSION = YES;
				CLANG_WARN_COMMA = YES;
				CLANG_WARN_CONSTANT_CONVERSION = YES;
				CLANG_WARN_DEPRECATED_OBJC_IMPLEMENTATIONS = YES;
				CLANG_WARN_DIRECT_OBJC_ISA_USAGE = YES_ERROR;
				CLANG_WARN_DOCUMENTATION_COMMENTS = YES;
				CLANG_WARN_EMPTY_BODY = YES;
				CLANG_WARN_ENUM_CONVERSION = YES;
				CLANG_WARN_INFINITE_RECURSION = YES;
				CLANG_WARN_INT_CONVERSION = YES;
				CLANG_WARN_NON_LITERAL_NULL_CONVERSION = YES;
				CLANG_WARN_OBJC_IMPLICIT_RETAIN_SELF = YES;
				CLANG_WARN_OBJC_LITERAL_CONVERSION = YES;
				CLANG_WARN_OBJC_ROOT_CLASS = YES_ERROR;
				CLANG_WARN_QUOTED_INCLUDE_IN_FRAMEWORK_HEADER = YES;
				CLANG_WARN_RANGE_LOOP_ANALYSIS = YES;
				CLANG_WARN_STRICT_PROTOTYPES = YES;
				CLANG_WARN_SUSPICIOUS_MOVE = YES;
				CLANG_WARN_UNGUARDED_AVAILABILITY = YES_AGGRESSIVE;
				CLANG_WARN_UNREACHABLE_CODE = YES;
				CLANG_WARN__DUPLICATE_METHOD_MATCH = YES;
				COPY_PHASE_STRIP = NO;
				DEBUG_INFORMATION_FORMAT = "dwarf-with-dsym";
				ENABLE_NS_ASSERTIONS = NO;
				ENABLE_STRICT_OBJC_MSGSEND = YES;
				GCC_C_LANGUAGE_STANDARD = gnu11;
				GCC_NO_COMMON_BLOCKS = YES;
				GCC_WARN_64_TO_32_BIT_CONVERSION = YES;
				GCC_WARN_ABOUT_RETURN_TYPE = YES_ERROR;
				GCC_WARN_UNDECLARED_SELECTOR = YES;
				GCC_WARN_UNINITIALIZED_AUTOS = YES_AGGRESSIVE;
				GCC_WARN_UNUSED_FUNCTION = YES;
				GCC_WARN_UNUSED_VARIABLE = YES;
				MTL_ENABLE_DEBUG_INFO = NO;
				MTL_FAST_MATH = YES;
				SDKROOT = iphoneos;
				SWIFT_COMPILATION_MODE = wholemodule;
				SWIFT_OPTIMIZATION_LEVEL = "-O";
				VALIDATE_PRODUCT = YES;
			};
			name = Release;
		};
		FD04488B288019D600304FF7 /* Debug */ = {
			isa = XCBuildConfiguration;
			buildSettings = {
				CODE_SIGN_STYLE = Automatic;
				CURRENT_PROJECT_VERSION = 1;
				DEVELOPMENT_TEAM = FANN368M5W;
				MARKETING_VERSION = 1.0;
				PRODUCT_BUNDLE_IDENTIFIER = com.ahaeze.sparkQ;
				PRODUCT_NAME = "$(TARGET_NAME)";
				SWIFT_VERSION = 5.0;
			};
			name = Debug;
		};
		FD04488C288019D600304FF7 /* Release */ = {
			isa = XCBuildConfiguration;
			buildSettings = {
				CODE_SIGN_STYLE = Automatic;
				CURRENT_PROJECT_VERSION = 1;
				DEVELOPMENT_TEAM = FANN368M5W;
				MARKETING_VERSION = 1.0;
				PRODUCT_BUNDLE_IDENTIFIER = com.ahaeze.sparkQ;
				PRODUCT_NAME = "$(TARGET_NAME)";
				SWIFT_VERSION = 5.0;
			};
			name = Release;
		};
		FD36A7F9288481950064B7FD /* Debug */ = {
			isa = XCBuildConfiguration;
			buildSettings = {
				ASSETCATALOG_COMPILER_APPICON_NAME = AppIcon;
				ASSETCATALOG_COMPILER_GLOBAL_ACCENT_COLOR_NAME = AccentColor;
				CODE_SIGN_STYLE = Automatic;
				CURRENT_PROJECT_VERSION = 1;
				DEVELOPMENT_ASSET_PATHS = "\"sparkQApp/Preview Content\"";
				DEVELOPMENT_TEAM = FANN368M5W;
				ENABLE_PREVIEWS = YES;
				GENERATE_INFOPLIST_FILE = YES;
				INFOPLIST_KEY_UIApplicationSceneManifest_Generation = YES;
				INFOPLIST_KEY_UIApplicationSupportsIndirectInputEvents = YES;
				INFOPLIST_KEY_UILaunchScreen_Generation = YES;
				INFOPLIST_KEY_UISupportedInterfaceOrientations_iPad = "UIInterfaceOrientationPortrait UIInterfaceOrientationPortraitUpsideDown UIInterfaceOrientationLandscapeLeft UIInterfaceOrientationLandscapeRight";
				INFOPLIST_KEY_UISupportedInterfaceOrientations_iPhone = "UIInterfaceOrientationPortrait UIInterfaceOrientationLandscapeLeft UIInterfaceOrientationLandscapeRight";
				IPHONEOS_DEPLOYMENT_TARGET = 15.5;
				LD_RUNPATH_SEARCH_PATHS = (
					"$(inherited)",
					"@executable_path/Frameworks",
				);
				MARKETING_VERSION = 1.0;
				PRODUCT_BUNDLE_IDENTIFIER = com.ahaeze.sparkQApp;
				PRODUCT_NAME = "$(TARGET_NAME)";
				SWIFT_EMIT_LOC_STRINGS = YES;
				SWIFT_VERSION = 5.0;
				TARGETED_DEVICE_FAMILY = "1,2";
			};
			name = Debug;
		};
		FD36A7FA288481950064B7FD /* Release */ = {
			isa = XCBuildConfiguration;
			buildSettings = {
				ASSETCATALOG_COMPILER_APPICON_NAME = AppIcon;
				ASSETCATALOG_COMPILER_GLOBAL_ACCENT_COLOR_NAME = AccentColor;
				CODE_SIGN_STYLE = Automatic;
				CURRENT_PROJECT_VERSION = 1;
				DEVELOPMENT_ASSET_PATHS = "\"sparkQApp/Preview Content\"";
				DEVELOPMENT_TEAM = FANN368M5W;
				ENABLE_PREVIEWS = YES;
				GENERATE_INFOPLIST_FILE = YES;
				INFOPLIST_KEY_UIApplicationSceneManifest_Generation = YES;
				INFOPLIST_KEY_UIApplicationSupportsIndirectInputEvents = YES;
				INFOPLIST_KEY_UILaunchScreen_Generation = YES;
				INFOPLIST_KEY_UISupportedInterfaceOrientations_iPad = "UIInterfaceOrientationPortrait UIInterfaceOrientationPortraitUpsideDown UIInterfaceOrientationLandscapeLeft UIInterfaceOrientationLandscapeRight";
				INFOPLIST_KEY_UISupportedInterfaceOrientations_iPhone = "UIInterfaceOrientationPortrait UIInterfaceOrientationLandscapeLeft UIInterfaceOrientationLandscapeRight";
				IPHONEOS_DEPLOYMENT_TARGET = 15.5;
				LD_RUNPATH_SEARCH_PATHS = (
					"$(inherited)",
					"@executable_path/Frameworks",
				);
				MARKETING_VERSION = 1.0;
				PRODUCT_BUNDLE_IDENTIFIER = com.ahaeze.sparkQApp;
				PRODUCT_NAME = "$(TARGET_NAME)";
				SWIFT_EMIT_LOC_STRINGS = YES;
				SWIFT_VERSION = 5.0;
				TARGETED_DEVICE_FAMILY = "1,2";
			};
			name = Release;
		};
		FD36A81B288481BE0064B7FD /* Debug */ = {
			isa = XCBuildConfiguration;
			buildSettings = {
				ASSETCATALOG_COMPILER_COMPLICATION_NAME = Complication;
				CODE_SIGN_STYLE = Automatic;
				CURRENT_PROJECT_VERSION = 1;
				DEVELOPMENT_ASSET_PATHS = "\"sparkQWatch WatchKit Extension/Preview Content\"";
				DEVELOPMENT_TEAM = FANN368M5W;
				ENABLE_PREVIEWS = YES;
				GENERATE_INFOPLIST_FILE = YES;
				INFOPLIST_FILE = "sparkQWatch WatchKit Extension/Info.plist";
				INFOPLIST_KEY_CFBundleDisplayName = "sparkQWatch WatchKit Extension";
				INFOPLIST_KEY_CLKComplicationPrincipalClass = "$(PRODUCT_MODULE_NAME).ComplicationController";
				INFOPLIST_KEY_NSHumanReadableCopyright = "";
				LD_RUNPATH_SEARCH_PATHS = (
					"$(inherited)",
					"@executable_path/Frameworks",
					"@executable_path/../../Frameworks",
				);
				MARKETING_VERSION = 1.0;
				PRODUCT_BUNDLE_IDENTIFIER = com.ahaeze.sparkQApp.watchkitapp.watchkitextension;
				PRODUCT_NAME = "${TARGET_NAME}";
				SDKROOT = watchos;
				SKIP_INSTALL = YES;
				SWIFT_EMIT_LOC_STRINGS = YES;
				SWIFT_VERSION = 5.0;
				TARGETED_DEVICE_FAMILY = 4;
				WATCHOS_DEPLOYMENT_TARGET = 8.5;
			};
			name = Debug;
		};
		FD36A81C288481BE0064B7FD /* Release */ = {
			isa = XCBuildConfiguration;
			buildSettings = {
				ASSETCATALOG_COMPILER_COMPLICATION_NAME = Complication;
				CODE_SIGN_STYLE = Automatic;
				CURRENT_PROJECT_VERSION = 1;
				DEVELOPMENT_ASSET_PATHS = "\"sparkQWatch WatchKit Extension/Preview Content\"";
				DEVELOPMENT_TEAM = FANN368M5W;
				ENABLE_PREVIEWS = YES;
				GENERATE_INFOPLIST_FILE = YES;
				INFOPLIST_FILE = "sparkQWatch WatchKit Extension/Info.plist";
				INFOPLIST_KEY_CFBundleDisplayName = "sparkQWatch WatchKit Extension";
				INFOPLIST_KEY_CLKComplicationPrincipalClass = "$(PRODUCT_MODULE_NAME).ComplicationController";
				INFOPLIST_KEY_NSHumanReadableCopyright = "";
				LD_RUNPATH_SEARCH_PATHS = (
					"$(inherited)",
					"@executable_path/Frameworks",
					"@executable_path/../../Frameworks",
				);
				MARKETING_VERSION = 1.0;
				PRODUCT_BUNDLE_IDENTIFIER = com.ahaeze.sparkQApp.watchkitapp.watchkitextension;
				PRODUCT_NAME = "${TARGET_NAME}";
				SDKROOT = watchos;
				SKIP_INSTALL = YES;
				SWIFT_EMIT_LOC_STRINGS = YES;
				SWIFT_VERSION = 5.0;
				TARGETED_DEVICE_FAMILY = 4;
				WATCHOS_DEPLOYMENT_TARGET = 8.5;
			};
			name = Release;
		};
		FD36A81F288481BE0064B7FD /* Debug */ = {
			isa = XCBuildConfiguration;
			buildSettings = {
				ALWAYS_EMBED_SWIFT_STANDARD_LIBRARIES = YES;
				ASSETCATALOG_COMPILER_APPICON_NAME = AppIcon;
				ASSETCATALOG_COMPILER_GLOBAL_ACCENT_COLOR_NAME = AccentColor;
				CODE_SIGN_STYLE = Automatic;
				CURRENT_PROJECT_VERSION = 1;
				DEVELOPMENT_TEAM = FANN368M5W;
				GENERATE_INFOPLIST_FILE = YES;
				IBSC_MODULE = sparkQWatch_WatchKit_Extension;
				INFOPLIST_KEY_CFBundleDisplayName = sparkQWatch;
				INFOPLIST_KEY_UISupportedInterfaceOrientations = "UIInterfaceOrientationPortrait UIInterfaceOrientationPortraitUpsideDown";
				INFOPLIST_KEY_WKCompanionAppBundleIdentifier = com.ahaeze.sparkQApp;
				MARKETING_VERSION = 1.0;
				PRODUCT_BUNDLE_IDENTIFIER = com.ahaeze.sparkQApp.watchkitapp;
				PRODUCT_NAME = "$(TARGET_NAME)";
				SDKROOT = watchos;
				SKIP_INSTALL = YES;
				SWIFT_EMIT_LOC_STRINGS = YES;
				SWIFT_VERSION = 5.0;
				TARGETED_DEVICE_FAMILY = 4;
				WATCHOS_DEPLOYMENT_TARGET = 8.5;
			};
			name = Debug;
		};
		FD36A820288481BE0064B7FD /* Release */ = {
			isa = XCBuildConfiguration;
			buildSettings = {
				ALWAYS_EMBED_SWIFT_STANDARD_LIBRARIES = YES;
				ASSETCATALOG_COMPILER_APPICON_NAME = AppIcon;
				ASSETCATALOG_COMPILER_GLOBAL_ACCENT_COLOR_NAME = AccentColor;
				CODE_SIGN_STYLE = Automatic;
				CURRENT_PROJECT_VERSION = 1;
				DEVELOPMENT_TEAM = FANN368M5W;
				GENERATE_INFOPLIST_FILE = YES;
				IBSC_MODULE = sparkQWatch_WatchKit_Extension;
				INFOPLIST_KEY_CFBundleDisplayName = sparkQWatch;
				INFOPLIST_KEY_UISupportedInterfaceOrientations = "UIInterfaceOrientationPortrait UIInterfaceOrientationPortraitUpsideDown";
				INFOPLIST_KEY_WKCompanionAppBundleIdentifier = com.ahaeze.sparkQApp;
				MARKETING_VERSION = 1.0;
				PRODUCT_BUNDLE_IDENTIFIER = com.ahaeze.sparkQApp.watchkitapp;
				PRODUCT_NAME = "$(TARGET_NAME)";
				SDKROOT = watchos;
				SKIP_INSTALL = YES;
				SWIFT_EMIT_LOC_STRINGS = YES;
				SWIFT_VERSION = 5.0;
				TARGETED_DEVICE_FAMILY = 4;
				WATCHOS_DEPLOYMENT_TARGET = 8.5;
			};
			name = Release;
		};
/* End XCBuildConfiguration section */

/* Begin XCConfigurationList section */
		FD04485D288019D500304FF7 /* Build configuration list for PBXProject "sparkQ" */ = {
			isa = XCConfigurationList;
			buildConfigurations = (
				FD044880288019D600304FF7 /* Debug */,
				FD044881288019D600304FF7 /* Release */,
			);
			defaultConfigurationIsVisible = 0;
			defaultConfigurationName = Release;
		};
		FD04488A288019D600304FF7 /* Build configuration list for PBXNativeTarget "sparkQ" */ = {
			isa = XCConfigurationList;
			buildConfigurations = (
				FD04488B288019D600304FF7 /* Debug */,
				FD04488C288019D600304FF7 /* Release */,
			);
			defaultConfigurationIsVisible = 0;
			defaultConfigurationName = Release;
		};
		FD36A7FB288481950064B7FD /* Build configuration list for PBXNativeTarget "sparkQApp" */ = {
			isa = XCConfigurationList;
			buildConfigurations = (
				FD36A7F9288481950064B7FD /* Debug */,
				FD36A7FA288481950064B7FD /* Release */,
			);
			defaultConfigurationIsVisible = 0;
			defaultConfigurationName = Release;
		};
		FD36A81A288481BE0064B7FD /* Build configuration list for PBXNativeTarget "sparkQWatch WatchKit Extension" */ = {
			isa = XCConfigurationList;
			buildConfigurations = (
				FD36A81B288481BE0064B7FD /* Debug */,
				FD36A81C288481BE0064B7FD /* Release */,
			);
			defaultConfigurationIsVisible = 0;
			defaultConfigurationName = Release;
		};
		FD36A81E288481BE0064B7FD /* Build configuration list for PBXNativeTarget "sparkQWatch" */ = {
			isa = XCConfigurationList;
			buildConfigurations = (
				FD36A81F288481BE0064B7FD /* Debug */,
				FD36A820288481BE0064B7FD /* Release */,
			);
			defaultConfigurationIsVisible = 0;
			defaultConfigurationName = Release;
		};
/* End XCConfigurationList section */
	};
	rootObject = FD04485A288019D500304FF7 /* Project object */;
}
